
Microsoft Visual Studio Solution File, Format Version 12.00
# Visual Studio Version 17
VisualStudioVersion = 17.0.31903.59
MinimumVisualStudioVersion = 10.0.40219.1
Project("{FAE04EC0-301F-11D3-BF4B-00C04F79EFBC}") = "API", "API\API.csproj", "{FFAA35D4-299C-4D18-BC98-B01654A639DC}"
EndProject
Project("{FAE04EC0-301F-11D3-BF4B-00C04F79EFBC}") = "Core", "Core\Core.csproj", "{65567483-EC5A-41E6-A046-0CECFAC39C8D}"
EndProject
Project("{FAE04EC0-301F-11D3-BF4B-00C04F79EFBC}") = "Infrastructure", "Infrastructure\Infrastructure.csproj", "{14FF3C84-0638-48C8-981F-6FC9A61930FB}"
EndProject
Global
	GlobalSection(SolutionConfigurationPlatforms) = preSolution
		Debug|Any CPU = Debug|Any CPU
		Release|Any CPU = Release|Any CPU
	EndGlobalSection
	GlobalSection(SolutionProperties) = preSolution
		HideSolutionNode = FALSE
	EndGlobalSection
	GlobalSection(ProjectConfigurationPlatforms) = postSolution
		{FFAA35D4-299C-4D18-BC98-B01654A639DC}.Debug|Any CPU.ActiveCfg = Debug|Any CPU
		{FFAA35D4-299C-4D18-BC98-B01654A639DC}.Debug|Any CPU.Build.0 = Debug|Any CPU
		{FFAA35D4-299C-4D18-BC98-B01654A639DC}.Release|Any CPU.ActiveCfg = Release|Any CPU
		{FFAA35D4-299C-4D18-BC98-B01654A639DC}.Release|Any CPU.Build.0 = Release|Any CPU
		{65567483-EC5A-41E6-A046-0CECFAC39C8D}.Debug|Any CPU.ActiveCfg = Debug|Any CPU
		{65567483-EC5A-41E6-A046-0CECFAC39C8D}.Debug|Any CPU.Build.0 = Debug|Any CPU
		{65567483-EC5A-41E6-A046-0CECFAC39C8D}.Release|Any CPU.ActiveCfg = Release|Any CPU
		{65567483-EC5A-41E6-A046-0CECFAC39C8D}.Release|Any CPU.Build.0 = Release|Any CPU
		{14FF3C84-0638-48C8-981F-6FC9A61930FB}.Debug|Any CPU.ActiveCfg = Debug|Any CPU
		{14FF3C84-0638-48C8-981F-6FC9A61930FB}.Debug|Any CPU.Build.0 = Debug|Any CPU
		{14FF3C84-0638-48C8-981F-6FC9A61930FB}.Release|Any CPU.ActiveCfg = Release|Any CPU
		{14FF3C84-0638-48C8-981F-6FC9A61930FB}.Release|Any CPU.Build.0 = Release|Any CPU
	EndGlobalSection
EndGlobal
